
Microsoft Visual Studio Solution File, Format Version 12.00
# Visual Studio Version 16
VisualStudioVersion = 16.0.29728.190
MinimumVisualStudioVersion = 10.0.40219.1
Project("{F184B08F-C81C-45F6-A57F-5ABD9991F28F}") = "Full Website", "Full Website\Full Website.vbproj", "{CDAB0FF1-C783-49F5-A7E9-082CBA1A8764}"
EndProject
Global
	GlobalSection(SolutionConfigurationPlatforms) = preSolution
		Debug|Any CPU = Debug|Any CPU
		Release|Any CPU = Release|Any CPU
	EndGlobalSection
	GlobalSection(ProjectConfigurationPlatforms) = postSolution
		{CDAB0FF1-C783-49F5-A7E9-082CBA1A8764}.Debug|Any CPU.ActiveCfg = Debug|Any CPU
		{CDAB0FF1-C783-49F5-A7E9-082CBA1A8764}.Debug|Any CPU.Build.0 = Debug|Any CPU
		{CDAB0FF1-C783-49F5-A7E9-082CBA1A8764}.Release|Any CPU.ActiveCfg = Release|Any CPU
		{CDAB0FF1-C783-49F5-A7E9-082CBA1A8764}.Release|Any CPU.Build.0 = Release|Any CPU
	EndGlobalSection
	GlobalSection(SolutionProperties) = preSolution
		HideSolutionNode = FALSE
	EndGlobalSection
	GlobalSection(ExtensibilityGlobals) = postSolution
		SolutionGuid = {0979E4BB-3EB6-4380-952B-B1A4259A9EE1}
	EndGlobalSection
EndGlobal
